
Microsoft Visual Studio Solution File, Format Version 12.00
# Visual Studio Version 17
VisualStudioVersion = 17.6.33801.468
MinimumVisualStudioVersion = 10.0.40219.1
Project("{FAE04EC0-301F-11D3-BF4B-00C04F79EFBC}") = "Client", "Client\Client.csproj", "{28FD63B0-32EC-47FD-9E84-75EF73A9F504}"
EndProject
Global
	GlobalSection(SolutionConfigurationPlatforms) = preSolution
		Debug|Any CPU = Debug|Any CPU
		Release|Any CPU = Release|Any CPU
	EndGlobalSection
	GlobalSection(ProjectConfigurationPlatforms) = postSolution
		{28FD63B0-32EC-47FD-9E84-75EF73A9F504}.Debug|Any CPU.ActiveCfg = Debug|Any CPU
		{28FD63B0-32EC-47FD-9E84-75EF73A9F504}.Debug|Any CPU.Build.0 = Debug|Any CPU
		{28FD63B0-32EC-47FD-9E84-75EF73A9F504}.Release|Any CPU.ActiveCfg = Release|Any CPU
		{28FD63B0-32EC-47FD-9E84-75EF73A9F504}.Release|Any CPU.Build.0 = Release|Any CPU
	EndGlobalSection
	GlobalSection(SolutionProperties) = preSolution
		HideSolutionNode = FALSE
	EndGlobalSection
	GlobalSection(ExtensibilityGlobals) = postSolution
		SolutionGuid = {BBC7FC4E-766F-4DD6-B056-D4582AC555F7}
	EndGlobalSection
EndGlobal
