
Microsoft Visual Studio Solution File, Format Version 12.00
# Visual Studio Version 17
VisualStudioVersion = 17.6.33801.468
MinimumVisualStudioVersion = 10.0.40219.1
Project("{FAE04EC0-301F-11D3-BF4B-00C04F79EFBC}") = "Test", "Test\Test.csproj", "{D5B5542B-C40F-4192-9D24-ADE04DCDB5A1}"
EndProject
Project("{FAE04EC0-301F-11D3-BF4B-00C04F79EFBC}") = "TestWeather", "TestWeather\TestWeather.csproj", "{E8275132-F57A-400D-8C24-C2028B81DAFE}"
EndProject
Global
	GlobalSection(SolutionConfigurationPlatforms) = preSolution
		Debug|Any CPU = Debug|Any CPU
		Release|Any CPU = Release|Any CPU
	EndGlobalSection
	GlobalSection(ProjectConfigurationPlatforms) = postSolution
		{D5B5542B-C40F-4192-9D24-ADE04DCDB5A1}.Debug|Any CPU.ActiveCfg = Debug|Any CPU
		{D5B5542B-C40F-4192-9D24-ADE04DCDB5A1}.Debug|Any CPU.Build.0 = Debug|Any CPU
		{D5B5542B-C40F-4192-9D24-ADE04DCDB5A1}.Release|Any CPU.ActiveCfg = Release|Any CPU
		{D5B5542B-C40F-4192-9D24-ADE04DCDB5A1}.Release|Any CPU.Build.0 = Release|Any CPU
		{E8275132-F57A-400D-8C24-C2028B81DAFE}.Debug|Any CPU.ActiveCfg = Debug|Any CPU
		{E8275132-F57A-400D-8C24-C2028B81DAFE}.Debug|Any CPU.Build.0 = Debug|Any CPU
		{E8275132-F57A-400D-8C24-C2028B81DAFE}.Release|Any CPU.ActiveCfg = Release|Any CPU
		{E8275132-F57A-400D-8C24-C2028B81DAFE}.Release|Any CPU.Build.0 = Release|Any CPU
	EndGlobalSection
	GlobalSection(SolutionProperties) = preSolution
		HideSolutionNode = FALSE
	EndGlobalSection
	GlobalSection(ExtensibilityGlobals) = postSolution
		SolutionGuid = {7B549B01-308B-4090-AB7B-BA763135A113}
	EndGlobalSection
EndGlobal
