
Microsoft Visual Studio Solution File, Format Version 12.00
# Visual Studio Version 17
VisualStudioVersion = 17.5.33530.505
MinimumVisualStudioVersion = 10.0.40219.1
Project("{FAE04EC0-301F-11D3-BF4B-00C04F79EFBC}") = "Talkie", "Talkie\Talkie.csproj", "{22C6AC45-72F8-4F1B-B94E-56AB8081BDB4}"
EndProject
Project("{FAE04EC0-301F-11D3-BF4B-00C04F79EFBC}") = "Domain", "Domain\Domain.csproj", "{6E4D3238-FD84-46A2-B06E-E236A7B34654}"
EndProject
Project("{FAE04EC0-301F-11D3-BF4B-00C04F79EFBC}") = "Application", "Application\Application.csproj", "{1968DB7D-0E28-46C9-854D-0B8F83CA5A7E}"
EndProject
Project("{FAE04EC0-301F-11D3-BF4B-00C04F79EFBC}") = "Infrastructure", "Infrastructure\Infrastructure.csproj", "{52F8730F-BE77-4A62-8060-CD5030B65BFF}"
EndProject
Global
	GlobalSection(SolutionConfigurationPlatforms) = preSolution
		Debug|Any CPU = Debug|Any CPU
		Release|Any CPU = Release|Any CPU
	EndGlobalSection
	GlobalSection(ProjectConfigurationPlatforms) = postSolution
		{22C6AC45-72F8-4F1B-B94E-56AB8081BDB4}.Debug|Any CPU.ActiveCfg = Debug|Any CPU
		{22C6AC45-72F8-4F1B-B94E-56AB8081BDB4}.Debug|Any CPU.Build.0 = Debug|Any CPU
		{22C6AC45-72F8-4F1B-B94E-56AB8081BDB4}.Release|Any CPU.ActiveCfg = Release|Any CPU
		{22C6AC45-72F8-4F1B-B94E-56AB8081BDB4}.Release|Any CPU.Build.0 = Release|Any CPU
		{6E4D3238-FD84-46A2-B06E-E236A7B34654}.Debug|Any CPU.ActiveCfg = Debug|Any CPU
		{6E4D3238-FD84-46A2-B06E-E236A7B34654}.Debug|Any CPU.Build.0 = Debug|Any CPU
		{6E4D3238-FD84-46A2-B06E-E236A7B34654}.Release|Any CPU.ActiveCfg = Release|Any CPU
		{6E4D3238-FD84-46A2-B06E-E236A7B34654}.Release|Any CPU.Build.0 = Release|Any CPU
		{1968DB7D-0E28-46C9-854D-0B8F83CA5A7E}.Debug|Any CPU.ActiveCfg = Debug|Any CPU
		{1968DB7D-0E28-46C9-854D-0B8F83CA5A7E}.Debug|Any CPU.Build.0 = Debug|Any CPU
		{1968DB7D-0E28-46C9-854D-0B8F83CA5A7E}.Release|Any CPU.ActiveCfg = Release|Any CPU
		{1968DB7D-0E28-46C9-854D-0B8F83CA5A7E}.Release|Any CPU.Build.0 = Release|Any CPU
		{52F8730F-BE77-4A62-8060-CD5030B65BFF}.Debug|Any CPU.ActiveCfg = Debug|Any CPU
		{52F8730F-BE77-4A62-8060-CD5030B65BFF}.Debug|Any CPU.Build.0 = Debug|Any CPU
		{52F8730F-BE77-4A62-8060-CD5030B65BFF}.Release|Any CPU.ActiveCfg = Release|Any CPU
		{52F8730F-BE77-4A62-8060-CD5030B65BFF}.Release|Any CPU.Build.0 = Release|Any CPU
	EndGlobalSection
	GlobalSection(SolutionProperties) = preSolution
		HideSolutionNode = FALSE
	EndGlobalSection
	GlobalSection(ExtensibilityGlobals) = postSolution
		SolutionGuid = {4D4B5248-8199-41E7-8C4B-21AF96CD1047}
	EndGlobalSection
EndGlobal
