
Microsoft Visual Studio Solution File, Format Version 12.00
# Visual Studio Version 17
VisualStudioVersion = 17.5.33530.505
MinimumVisualStudioVersion = 10.0.40219.1
Project("{FAE04EC0-301F-11D3-BF4B-00C04F79EFBC}") = "DiContainer", "DiContainer\DiContainer.csproj", "{8E157637-0261-4942-8CFD-5EF5D0649B8E}"
EndProject
Global
	GlobalSection(SolutionConfigurationPlatforms) = preSolution
		Debug|Any CPU = Debug|Any CPU
		Release|Any CPU = Release|Any CPU
	EndGlobalSection
	GlobalSection(ProjectConfigurationPlatforms) = postSolution
		{8E157637-0261-4942-8CFD-5EF5D0649B8E}.Debug|Any CPU.ActiveCfg = Debug|Any CPU
		{8E157637-0261-4942-8CFD-5EF5D0649B8E}.Debug|Any CPU.Build.0 = Debug|Any CPU
		{8E157637-0261-4942-8CFD-5EF5D0649B8E}.Release|Any CPU.ActiveCfg = Release|Any CPU
		{8E157637-0261-4942-8CFD-5EF5D0649B8E}.Release|Any CPU.Build.0 = Release|Any CPU
	EndGlobalSection
	GlobalSection(SolutionProperties) = preSolution
		HideSolutionNode = FALSE
	EndGlobalSection
	GlobalSection(ExtensibilityGlobals) = postSolution
		SolutionGuid = {ACE7A6BA-F178-4D6B-AA38-DB336CA55AD7}
	EndGlobalSection
EndGlobal
