
Microsoft Visual Studio Solution File, Format Version 12.00
# Visual Studio Version 17
VisualStudioVersion = 17.6.33801.468
MinimumVisualStudioVersion = 10.0.40219.1
Project("{FAE04EC0-301F-11D3-BF4B-00C04F79EFBC}") = "DockerP", "DockerP\DockerP.csproj", "{9EF017C6-97D8-4A20-A8D7-E0E54C9BFC2B}"
EndProject
Global
	GlobalSection(SolutionConfigurationPlatforms) = preSolution
		Debug|Any CPU = Debug|Any CPU
		Release|Any CPU = Release|Any CPU
	EndGlobalSection
	GlobalSection(ProjectConfigurationPlatforms) = postSolution
		{9EF017C6-97D8-4A20-A8D7-E0E54C9BFC2B}.Debug|Any CPU.ActiveCfg = Debug|Any CPU
		{9EF017C6-97D8-4A20-A8D7-E0E54C9BFC2B}.Debug|Any CPU.Build.0 = Debug|Any CPU
		{9EF017C6-97D8-4A20-A8D7-E0E54C9BFC2B}.Release|Any CPU.ActiveCfg = Release|Any CPU
		{9EF017C6-97D8-4A20-A8D7-E0E54C9BFC2B}.Release|Any CPU.Build.0 = Release|Any CPU
	EndGlobalSection
	GlobalSection(SolutionProperties) = preSolution
		HideSolutionNode = FALSE
	EndGlobalSection
	GlobalSection(ExtensibilityGlobals) = postSolution
		SolutionGuid = {0A81F12D-7D79-423C-AF59-6ADC4D384F4F}
	EndGlobalSection
EndGlobal
